// !$*UTF8*$!
{
	archiveVersion = 1;
	classes = {
	};
	objectVersion = 54;
	objects = {

/* Begin PBXBuildFile section */
		"0390A132-5764-4527-AE60-6468D53BB405" /* ofxLabel.cpp in Sources */ = {isa = PBXBuildFile; fileRef = "20B80706-8DD7-48F3-ADCC-4FDB59E686B8" /* ofxLabel.cpp */; };
		"03A86FF1-679C-416E-A3A2-B4790AC0990A" /* ofxGuiGroup.cpp in Sources */ = {isa = PBXBuildFile; fileRef = "9FAF8E1D-518D-40C3-9DF5-0B0F7C40B3A4" /* ofxGuiGroup.cpp */; };
		"0FAF93AC-27A3-45EC-8CF7-1E78E9D070E5" /* ofxToggle.cpp in Sources */ = {isa = PBXBuildFile; fileRef = "07889335-7FE6-45E1-869C-DEA6DD877FCF" /* ofxToggle.cpp */; };
		"27E737B2-5481-446B-8E20-9683BCB437D7" /* ofxBaseGui.cpp in Sources */ = {isa = PBXBuildFile; fileRef = "0C791383-B1BC-479D-97D0-8BD7199B96CD" /* ofxBaseGui.cpp */; };
		"93A3E550-0CAE-4808-A021-761F7A90014D" /* ofxColorPicker.cpp in Sources */ = {isa = PBXBuildFile; fileRef = "03FEE08B-6126-4E74-99BE-C4A35C661257" /* ofxColorPicker.cpp */; };
		"A42066CD-6DD5-4B30-ADA6-BD8AC58A1EB2" /* ofxSlider.cpp in Sources */ = {isa = PBXBuildFile; fileRef = "6AA76CFE-0F7F-4253-A2E3-5A7D9ACDB7A0" /* ofxSlider.cpp */; };
		"C703F415-EF7C-4263-A126-8D689798E572" /* ofxSliderGroup.cpp in Sources */ = {isa = PBXBuildFile; fileRef = "BE58E6CD-3C32-48DA-908A-AE04B9733975" /* ofxSliderGroup.cpp */; };
		"DAAF15B7-ADB2-40DC-8BC9-FE876C6EE7CC" /* ofxInputField.cpp in Sources */ = {isa = PBXBuildFile; fileRef = "0D2347B8-597B-48BA-B4DB-597B55AD8DA3" /* ofxInputField.cpp */; };
		"DAC02D20-C9DA-4035-B07F-B6137874C79E" /* ofxButton.cpp in Sources */ = {isa = PBXBuildFile; fileRef = "38FC4D5D-B2E5-41E6-AE22-5F27630EFF73" /* ofxButton.cpp */; };
		"E1DEC081-AFCC-499B-8362-84FDEDD32C3D" /* ofxPanel.cpp in Sources */ = {isa = PBXBuildFile; fileRef = "7F7EDAC4-4CCC-4A42-980C-1312709E9506" /* ofxPanel.cpp */; };
		E4B69E200A3A1BDC003C02F2 /* main.cpp in Sources */ = {isa = PBXBuildFile; fileRef = E4B69E1D0A3A1BDC003C02F2 /* main.cpp */; };
		E4B69E210A3A1BDC003C02F2 /* ofApp.cpp in Sources */ = {isa = PBXBuildFile; fileRef = E4B69E1E0A3A1BDC003C02F2 /* ofApp.cpp */; };
		F89EF4702BA49CBC00CFAC77 /* OpenCL.framework in Frameworks */ = {isa = PBXBuildFile; fileRef = F89EF46F2BA49CBC00CFAC77 /* OpenCL.framework */; };
/* End PBXBuildFile section */

/* Begin PBXCopyFilesBuildPhase section */
		E4A5B60F29BAAAE400C2D356 /* CopyFiles */ = {
			isa = PBXCopyFilesBuildPhase;
			buildActionMask = 2147483647;
			dstPath = "";
			dstSubfolderSpec = 6;
			files = (
			);
			runOnlyForDeploymentPostprocessing = 0;
		};
		E4C2427710CC5ABF004149E2 /* CopyFiles */ = {
			isa = PBXCopyFilesBuildPhase;
			buildActionMask = 2147483647;
			dstPath = "";
			dstSubfolderSpec = 10;
			files = (
			);
			runOnlyForDeploymentPostprocessing = 0;
		};
/* End PBXCopyFilesBuildPhase section */

/* Begin PBXFileReference section */
		"03FEE08B-6126-4E74-99BE-C4A35C661257" /* ofxColorPicker.cpp */ = {isa = PBXFileReference; explicitFileType = sourcecode.cpp.cpp; fileEncoding = 4; name = ofxColorPicker.cpp; path = ../../../addons/ofxGui/src/ofxColorPicker.cpp; sourceTree = SOURCE_ROOT; };
		"0467BD58-C5CD-47DB-842C-4D2205A4BB77" /* ofxPanel.h */ = {isa = PBXFileReference; explicitFileType = sourcecode.c.h; fileEncoding = 4; name = ofxPanel.h; path = ../../../addons/ofxGui/src/ofxPanel.h; sourceTree = SOURCE_ROOT; };
		"07889335-7FE6-45E1-869C-DEA6DD877FCF" /* ofxToggle.cpp */ = {isa = PBXFileReference; explicitFileType = sourcecode.cpp.cpp; fileEncoding = 4; name = ofxToggle.cpp; path = ../../../addons/ofxGui/src/ofxToggle.cpp; sourceTree = SOURCE_ROOT; };
		"0C791383-B1BC-479D-97D0-8BD7199B96CD" /* ofxBaseGui.cpp */ = {isa = PBXFileReference; explicitFileType = sourcecode.cpp.cpp; fileEncoding = 4; name = ofxBaseGui.cpp; path = ../../../addons/ofxGui/src/ofxBaseGui.cpp; sourceTree = SOURCE_ROOT; };
		"0D2347B8-597B-48BA-B4DB-597B55AD8DA3" /* ofxInputField.cpp */ = {isa = PBXFileReference; explicitFileType = sourcecode.cpp.cpp; fileEncoding = 4; name = ofxInputField.cpp; path = ../../../addons/ofxGui/src/ofxInputField.cpp; sourceTree = SOURCE_ROOT; };
		"111878CC-EE30-4755-8A7D-6624AB21F057" /* ofxBaseGui.h */ = {isa = PBXFileReference; explicitFileType = sourcecode.c.h; fileEncoding = 4; name = ofxBaseGui.h; path = ../../../addons/ofxGui/src/ofxBaseGui.h; sourceTree = SOURCE_ROOT; };
		"13CE6F75-21E4-4CA5-8347-D98458D956E5" /* ofxGuiUtils.h */ = {isa = PBXFileReference; explicitFileType = sourcecode.c.h; fileEncoding = 4; name = ofxGuiUtils.h; path = ../../../addons/ofxGui/src/ofxGuiUtils.h; sourceTree = SOURCE_ROOT; };
		191CD6FA2847E21E0085CBB6 /* of.entitlements */ = {isa = PBXFileReference; fileEncoding = 4; lastKnownFileType = text.plist.entitlements; path = of.entitlements; sourceTree = "<group>"; };
		191EF70929D778A400F35F26 /* openFrameworks */ = {isa = PBXFileReference; lastKnownFileType = folder; name = openFrameworks; path = ../../../libs/openFrameworks; sourceTree = SOURCE_ROOT; };
		"20B80706-8DD7-48F3-ADCC-4FDB59E686B8" /* ofxLabel.cpp */ = {isa = PBXFileReference; explicitFileType = sourcecode.cpp.cpp; fileEncoding = 4; name = ofxLabel.cpp; path = ../../../addons/ofxGui/src/ofxLabel.cpp; sourceTree = SOURCE_ROOT; };
		"38FC4D5D-B2E5-41E6-AE22-5F27630EFF73" /* ofxButton.cpp */ = {isa = PBXFileReference; explicitFileType = sourcecode.cpp.cpp; fileEncoding = 4; name = ofxButton.cpp; path = ../../../addons/ofxGui/src/ofxButton.cpp; sourceTree = SOURCE_ROOT; };
		"405643DE-6A4D-4F84-A3EE-352F6AD92484" /* ofxInputField.h */ = {isa = PBXFileReference; explicitFileType = sourcecode.c.h; fileEncoding = 4; name = ofxInputField.h; path = ../../../addons/ofxGui/src/ofxInputField.h; sourceTree = SOURCE_ROOT; };
		"4ED1AA99-C1FA-4B45-8E7C-E8E409B8D074" /* ofxColorPicker.h */ = {isa = PBXFileReference; explicitFileType = sourcecode.c.h; fileEncoding = 4; name = ofxColorPicker.h; path = ../../../addons/ofxGui/src/ofxColorPicker.h; sourceTree = SOURCE_ROOT; };
		"510B2FAC-8B78-450F-A084-035351BA8FED" /* ofxGuiGroup.h */ = {isa = PBXFileReference; explicitFileType = sourcecode.c.h; fileEncoding = 4; name = ofxGuiGroup.h; path = ../../../addons/ofxGui/src/ofxGuiGroup.h; sourceTree = SOURCE_ROOT; };
		"62CB8FC8-342B-4FD3-BBDC-66F0C73D2DE8" /* ofxGui.h */ = {isa = PBXFileReference; explicitFileType = sourcecode.c.h; fileEncoding = 4; name = ofxGui.h; path = ../../../addons/ofxGui/src/ofxGui.h; sourceTree = SOURCE_ROOT; };
		"6AA76CFE-0F7F-4253-A2E3-5A7D9ACDB7A0" /* ofxSlider.cpp */ = {isa = PBXFileReference; explicitFileType = sourcecode.cpp.cpp; fileEncoding = 4; name = ofxSlider.cpp; path = ../../../addons/ofxGui/src/ofxSlider.cpp; sourceTree = SOURCE_ROOT; };
		"6EB20471-B7DF-4645-9465-41E3551AC4F4" /* ofxToggle.h */ = {isa = PBXFileReference; explicitFileType = sourcecode.c.h; fileEncoding = 4; name = ofxToggle.h; path = ../../../addons/ofxGui/src/ofxToggle.h; sourceTree = SOURCE_ROOT; };
		"7F7EDAC4-4CCC-4A42-980C-1312709E9506" /* ofxPanel.cpp */ = {isa = PBXFileReference; explicitFileType = sourcecode.cpp.cpp; fileEncoding = 4; name = ofxPanel.cpp; path = ../../../addons/ofxGui/src/ofxPanel.cpp; sourceTree = SOURCE_ROOT; };
		"93E548E0-19F0-4693-A96A-FAC268EF6CFA" /* ofxButton.h */ = {isa = PBXFileReference; explicitFileType = sourcecode.c.h; fileEncoding = 4; name = ofxButton.h; path = ../../../addons/ofxGui/src/ofxButton.h; sourceTree = SOURCE_ROOT; };
		"9FAF8E1D-518D-40C3-9DF5-0B0F7C40B3A4" /* ofxGuiGroup.cpp */ = {isa = PBXFileReference; explicitFileType = sourcecode.cpp.cpp; fileEncoding = 4; name = ofxGuiGroup.cpp; path = ../../../addons/ofxGui/src/ofxGuiGroup.cpp; sourceTree = SOURCE_ROOT; };
		"BE58E6CD-3C32-48DA-908A-AE04B9733975" /* ofxSliderGroup.cpp */ = {isa = PBXFileReference; explicitFileType = sourcecode.cpp.cpp; fileEncoding = 4; name = ofxSliderGroup.cpp; path = ../../../addons/ofxGui/src/ofxSliderGroup.cpp; sourceTree = SOURCE_ROOT; };
		"CFA2B06A-FE8F-451D-A49E-6345C0805120" /* ofxSlider.h */ = {isa = PBXFileReference; explicitFileType = sourcecode.c.h; fileEncoding = 4; name = ofxSlider.h; path = ../../../addons/ofxGui/src/ofxSlider.h; sourceTree = SOURCE_ROOT; };
		E4B69B5B0A3A1756003C02F2 /* particleMDDebug.app */ = {isa = PBXFileReference; explicitFileType = wrapper.application; includeInIndex = 0; path = particleMDDebug.app; sourceTree = BUILT_PRODUCTS_DIR; };
		E4B69E1D0A3A1BDC003C02F2 /* main.cpp */ = {isa = PBXFileReference; fileEncoding = 4; lastKnownFileType = sourcecode.cpp.cpp; name = main.cpp; path = src/main.cpp; sourceTree = SOURCE_ROOT; };
		E4B69E1E0A3A1BDC003C02F2 /* ofApp.cpp */ = {isa = PBXFileReference; explicitFileType = sourcecode.cpp.cpp; fileEncoding = 4; name = ofApp.cpp; path = src/ofApp.cpp; sourceTree = SOURCE_ROOT; };
		E4B69E1F0A3A1BDC003C02F2 /* ofApp.h */ = {isa = PBXFileReference; fileEncoding = 4; lastKnownFileType = sourcecode.c.h; name = ofApp.h; path = src/ofApp.h; sourceTree = SOURCE_ROOT; };
		E4B6FCAD0C3E899E008CF71C /* openFrameworks-Info.plist */ = {isa = PBXFileReference; fileEncoding = 4; lastKnownFileType = text.plist.xml; path = "openFrameworks-Info.plist"; sourceTree = "<group>"; };
		E4EB6923138AFD0F00A09F29 /* Project.xcconfig */ = {isa = PBXFileReference; fileEncoding = 4; lastKnownFileType = text.xcconfig; path = Project.xcconfig; sourceTree = "<group>"; };
		"EB3BADF6-6F60-476A-BF62-33E4DF6892F0" /* ofxSliderGroup.h */ = {isa = PBXFileReference; explicitFileType = sourcecode.c.h; fileEncoding = 4; name = ofxSliderGroup.h; path = ../../../addons/ofxGui/src/ofxSliderGroup.h; sourceTree = SOURCE_ROOT; };
		"EE6FFD7A-7F91-4C74-98B9-670F4CFEA554" /* ofxLabel.h */ = {isa = PBXFileReference; explicitFileType = sourcecode.c.h; fileEncoding = 4; name = ofxLabel.h; path = ../../../addons/ofxGui/src/ofxLabel.h; sourceTree = SOURCE_ROOT; };
		F89EF46F2BA49CBC00CFAC77 /* OpenCL.framework */ = {isa = PBXFileReference; lastKnownFileType = wrapper.framework; name = OpenCL.framework; path = System/Library/Frameworks/OpenCL.framework; sourceTree = SDKROOT; };
		F89EF47A2BA860F500CFAC77 /* README.md */ = {isa = PBXFileReference; lastKnownFileType = net.daringfireball.markdown; path = README.md; sourceTree = "<group>"; };
/* End PBXFileReference section */

/* Begin PBXFrameworksBuildPhase section */
		E4B69B590A3A1756003C02F2 /* Frameworks */ = {
			isa = PBXFrameworksBuildPhase;
			buildActionMask = 2147483647;
			files = (
				F89EF4702BA49CBC00CFAC77 /* OpenCL.framework in Frameworks */,
			);
			runOnlyForDeploymentPostprocessing = 0;
		};
/* End PBXFrameworksBuildPhase section */

/* Begin PBXGroup section */
		"0E6FC3A2-0BDA-4838-BF6C-4506F38F3CEF" /* ofxGui */ = {
			isa = PBXGroup;
			children = (
				"7B484876-58A9-4936-8331-C57E8811EB62" /* src */,
			);
			name = ofxGui;
			path = ../../../addons/ofxGui;
			sourceTree = SOURCE_ROOT;
		};
		"7B484876-58A9-4936-8331-C57E8811EB62" /* src */ = {
			isa = PBXGroup;
			children = (
				"0C791383-B1BC-479D-97D0-8BD7199B96CD" /* ofxBaseGui.cpp */,
				"111878CC-EE30-4755-8A7D-6624AB21F057" /* ofxBaseGui.h */,
				"38FC4D5D-B2E5-41E6-AE22-5F27630EFF73" /* ofxButton.cpp */,
				"93E548E0-19F0-4693-A96A-FAC268EF6CFA" /* ofxButton.h */,
				"03FEE08B-6126-4E74-99BE-C4A35C661257" /* ofxColorPicker.cpp */,
				"4ED1AA99-C1FA-4B45-8E7C-E8E409B8D074" /* ofxColorPicker.h */,
				"62CB8FC8-342B-4FD3-BBDC-66F0C73D2DE8" /* ofxGui.h */,
				"9FAF8E1D-518D-40C3-9DF5-0B0F7C40B3A4" /* ofxGuiGroup.cpp */,
				"510B2FAC-8B78-450F-A084-035351BA8FED" /* ofxGuiGroup.h */,
				"13CE6F75-21E4-4CA5-8347-D98458D956E5" /* ofxGuiUtils.h */,
				"0D2347B8-597B-48BA-B4DB-597B55AD8DA3" /* ofxInputField.cpp */,
				"405643DE-6A4D-4F84-A3EE-352F6AD92484" /* ofxInputField.h */,
				"20B80706-8DD7-48F3-ADCC-4FDB59E686B8" /* ofxLabel.cpp */,
				"EE6FFD7A-7F91-4C74-98B9-670F4CFEA554" /* ofxLabel.h */,
				"7F7EDAC4-4CCC-4A42-980C-1312709E9506" /* ofxPanel.cpp */,
				"0467BD58-C5CD-47DB-842C-4D2205A4BB77" /* ofxPanel.h */,
				"6AA76CFE-0F7F-4253-A2E3-5A7D9ACDB7A0" /* ofxSlider.cpp */,
				"CFA2B06A-FE8F-451D-A49E-6345C0805120" /* ofxSlider.h */,
				"BE58E6CD-3C32-48DA-908A-AE04B9733975" /* ofxSliderGroup.cpp */,
				"EB3BADF6-6F60-476A-BF62-33E4DF6892F0" /* ofxSliderGroup.h */,
				"07889335-7FE6-45E1-869C-DEA6DD877FCF" /* ofxToggle.cpp */,
				"6EB20471-B7DF-4645-9465-41E3551AC4F4" /* ofxToggle.h */,
			);
			name = src;
			path = ../../../addons/ofxGui/src;
			sourceTree = SOURCE_ROOT;
		};
		BB4B014C10F69532006C3DED /* addons */ = {
			isa = PBXGroup;
			children = (
				"0E6FC3A2-0BDA-4838-BF6C-4506F38F3CEF" /* ofxGui */,
			);
			name = addons;
			path = ../../../addons;
			sourceTree = "<group>";
		};
		E4B69B4A0A3A1720003C02F2 = {
			isa = PBXGroup;
			children = (
				F89EF47A2BA860F500CFAC77 /* README.md */,
				191CD6FA2847E21E0085CBB6 /* of.entitlements */,
				E4B6FCAD0C3E899E008CF71C /* openFrameworks-Info.plist */,
				E4EB6923138AFD0F00A09F29 /* Project.xcconfig */,
				E4B69E1C0A3A1BDC003C02F2 /* src */,
				191EF70929D778A400F35F26 /* openFrameworks */,
				BB4B014C10F69532006C3DED /* addons */,
				E4B69B5B0A3A1756003C02F2 /* particleMDDebug.app */,
				F89EF46E2BA49CBC00CFAC77 /* Frameworks */,
			);
			sourceTree = "<group>";
		};
		E4B69E1C0A3A1BDC003C02F2 /* src */ = {
			isa = PBXGroup;
			children = (
				E4B69E1D0A3A1BDC003C02F2 /* main.cpp */,
				E4B69E1E0A3A1BDC003C02F2 /* ofApp.cpp */,
				E4B69E1F0A3A1BDC003C02F2 /* ofApp.h */,
			);
			path = src;
			sourceTree = SOURCE_ROOT;
		};
		F89EF46E2BA49CBC00CFAC77 /* Frameworks */ = {
			isa = PBXGroup;
			children = (
				F89EF46F2BA49CBC00CFAC77 /* OpenCL.framework */,
			);
			name = Frameworks;
			sourceTree = "<group>";
		};
/* End PBXGroup section */

/* Begin PBXNativeTarget section */
		E4B69B5A0A3A1756003C02F2 /* particleMD */ = {
			isa = PBXNativeTarget;
			buildConfigurationList = E4B69B5F0A3A1757003C02F2 /* Build configuration list for PBXNativeTarget "particleMD" */;
			buildPhases = (
				E42962A92163ECCD00A6A9E2 /* Run Script — Compile OF */,
				E4B69B580A3A1756003C02F2 /* Sources */,
				E4B69B590A3A1756003C02F2 /* Frameworks */,
				E4C2427710CC5ABF004149E2 /* CopyFiles */,
				E4A5B60F29BAAAE400C2D356 /* CopyFiles */,
				19B789C429E5AB4A0082E9B8 /* ShellScript */,
			);
			buildRules = (
			);
			dependencies = (
			);
			name = particleMD;
			productName = myOFApp;
			productReference = E4B69B5B0A3A1756003C02F2 /* particleMDDebug.app */;
			productType = "com.apple.product-type.application";
		};
/* End PBXNativeTarget section */

/* Begin PBXProject section */
		E4B69B4C0A3A1720003C02F2 /* Project object */ = {
			isa = PBXProject;
			attributes = {
				LastUpgradeCheck = 0600;
			};
			buildConfigurationList = E4B69B4D0A3A1720003C02F2 /* Build configuration list for PBXProject "particleMD" */;
			compatibilityVersion = "Xcode 3.2";
			developmentRegion = en;
			hasScannedForEncodings = 0;
			knownRegions = (
				en,
				Base,
			);
			mainGroup = E4B69B4A0A3A1720003C02F2;
			productRefGroup = E4B69B4A0A3A1720003C02F2;
			projectDirPath = "";
			projectRoot = "";
			targets = (
				E4B69B5A0A3A1756003C02F2 /* particleMD */,
			);
		};
/* End PBXProject section */

/* Begin PBXShellScriptBuildPhase section */
		19B789C429E5AB4A0082E9B8 /* ShellScript */ = {
			isa = PBXShellScriptBuildPhase;
			buildActionMask = 2147483647;
			files = (
			);
			inputFileListPaths = (
			);
			inputPaths = (
			);
			outputFileListPaths = (
			);
			outputPaths = (
			);
			runOnlyForDeploymentPostprocessing = 0;
			shellPath = /bin/sh;
			shellScript = "\"$OF_PATH/scripts/osx/xcode_project.sh\"\n";
			showEnvVarsInLog = 0;
		};
		E42962A92163ECCD00A6A9E2 /* Run Script — Compile OF */ = {
			isa = PBXShellScriptBuildPhase;
			alwaysOutOfDate = 1;
			buildActionMask = 2147483647;
			files = (
			);
			inputPaths = (
			);
			name = "Run Script — Compile OF";
			outputPaths = (
			);
			runOnlyForDeploymentPostprocessing = 0;
			shellPath = /bin/sh;
			shellScript = "echo \"💾 Compiling Openframeworks\"\nxcodebuild -project \"$OF_PATH/libs/openFrameworksCompiled/project/osx/openFrameworksLib.xcodeproj\" -target openFrameworks -configuration \"${CONFIGURATION}\"  CLANG_CXX_LANGUAGE_STANDARD=$CLANG_CXX_LANGUAGE_STANDARD MACOSX_DEPLOYMENT_TARGET=$MACOSX_DEPLOYMENT_TARGET GCC_PREPROCESSOR_DEFINITIONS=$USER_PREPROCESSOR_DEFINITIONS\n";
			showEnvVarsInLog = 0;
		};
/* End PBXShellScriptBuildPhase section */

/* Begin PBXSourcesBuildPhase section */
		E4B69B580A3A1756003C02F2 /* Sources */ = {
			isa = PBXSourcesBuildPhase;
			buildActionMask = 2147483647;
			files = (
				E4B69E200A3A1BDC003C02F2 /* main.cpp in Sources */,
				E4B69E210A3A1BDC003C02F2 /* ofApp.cpp in Sources */,
				"27E737B2-5481-446B-8E20-9683BCB437D7" /* ofxBaseGui.cpp in Sources */,
				"DAC02D20-C9DA-4035-B07F-B6137874C79E" /* ofxButton.cpp in Sources */,
				"93A3E550-0CAE-4808-A021-761F7A90014D" /* ofxColorPicker.cpp in Sources */,
				"03A86FF1-679C-416E-A3A2-B4790AC0990A" /* ofxGuiGroup.cpp in Sources */,
				"DAAF15B7-ADB2-40DC-8BC9-FE876C6EE7CC" /* ofxInputField.cpp in Sources */,
				"0390A132-5764-4527-AE60-6468D53BB405" /* ofxLabel.cpp in Sources */,
				"E1DEC081-AFCC-499B-8362-84FDEDD32C3D" /* ofxPanel.cpp in Sources */,
				"A42066CD-6DD5-4B30-ADA6-BD8AC58A1EB2" /* ofxSlider.cpp in Sources */,
				"C703F415-EF7C-4263-A126-8D689798E572" /* ofxSliderGroup.cpp in Sources */,
				"0FAF93AC-27A3-45EC-8CF7-1E78E9D070E5" /* ofxToggle.cpp in Sources */,
			);
			runOnlyForDeploymentPostprocessing = 0;
		};
/* End PBXSourcesBuildPhase section */

/* Begin XCBuildConfiguration section */
		E4B69B4E0A3A1720003C02F2 /* Debug */ = {
			isa = XCBuildConfiguration;
			baseConfigurationReference = E4EB6923138AFD0F00A09F29 /* Project.xcconfig */;
			buildSettings = {
				CODE_SIGN_ENTITLEMENTS = of.entitlements;
				COPY_PHASE_STRIP = NO;
				ENABLE_TESTABILITY = YES;
				GCC_OPTIMIZATION_LEVEL = 0;
				GCC_WARN_UNUSED_VARIABLE = NO;
				HEADER_SEARCH_PATHS = (
					"$(OF_CORE_HEADERS)",
					src,
				);
				OTHER_CPLUSPLUSFLAGS = "-D__MACOSX_CORE__";
			};
			name = Debug;
		};
		E4B69B4F0A3A1720003C02F2 /* Release */ = {
			isa = XCBuildConfiguration;
			baseConfigurationReference = E4EB6923138AFD0F00A09F29 /* Project.xcconfig */;
			buildSettings = {
				CODE_SIGN_ENTITLEMENTS = of.entitlements;
				COPY_PHASE_STRIP = YES;
				GCC_OPTIMIZATION_LEVEL = 3;
				GCC_UNROLL_LOOPS = YES;
				HEADER_SEARCH_PATHS = (
					"$(OF_CORE_HEADERS)",
					src,
				);
				OTHER_CPLUSPLUSFLAGS = "-D__MACOSX_CORE__";
			};
			name = Release;
		};
		E4B69B600A3A1757003C02F2 /* Debug */ = {
			isa = XCBuildConfiguration;
			baseConfigurationReference = E4EB6923138AFD0F00A09F29 /* Project.xcconfig */;
			buildSettings = {
				ARCHS = "$(ARCHS_STANDARD)";
				COPY_PHASE_STRIP = NO;
				FRAMEWORK_SEARCH_PATHS = "$(inherited)";
				GCC_DYNAMIC_NO_PIC = NO;
				HEADER_SEARCH_PATHS = (
					"$(OF_CORE_HEADERS)",
					src,
					src,
					../../../addons/ofxGui/src,
				);
				LIBRARY_SEARCH_PATHS = "$(inherited)";
				OTHER_LDFLAGS = (
					"$(OF_CORE_LIBS)",
					"$(OF_CORE_FRAMEWORKS)",
					"$(LIB_OF_DEBUG)",
				);
			};
			name = Debug;
		};
		E4B69B610A3A1757003C02F2 /* Release */ = {
			isa = XCBuildConfiguration;
			baseConfigurationReference = E4EB6923138AFD0F00A09F29 /* Project.xcconfig */;
			buildSettings = {
				ARCHS = "$(ARCHS_STANDARD)";
				COPY_PHASE_STRIP = YES;
				FRAMEWORK_SEARCH_PATHS = "$(inherited)";
				HEADER_SEARCH_PATHS = (
					"$(OF_CORE_HEADERS)",
					src,
					src,
					../../../addons/ofxGui/src,
				);
				LIBRARY_SEARCH_PATHS = "$(inherited)";
				OTHER_LDFLAGS = (
					"$(OF_CORE_LIBS)",
					"$(OF_CORE_FRAMEWORKS)",
					"$(LIB_OF)",
				);
				baseConfigurationReference = E4EB6923138AFD0F00A09F29;
			};
			name = Release;
		};
/* End XCBuildConfiguration section */

/* Begin XCConfigurationList section */
		E4B69B4D0A3A1720003C02F2 /* Build configuration list for PBXProject "particleMD" */ = {
			isa = XCConfigurationList;
			buildConfigurations = (
				E4B69B4E0A3A1720003C02F2 /* Debug */,
				E4B69B4F0A3A1720003C02F2 /* Release */,
			);
			defaultConfigurationIsVisible = 0;
			defaultConfigurationName = Release;
		};
		E4B69B5F0A3A1757003C02F2 /* Build configuration list for PBXNativeTarget "particleMD" */ = {
			isa = XCConfigurationList;
			buildConfigurations = (
				E4B69B600A3A1757003C02F2 /* Debug */,
				E4B69B610A3A1757003C02F2 /* Release */,
			);
			defaultConfigurationIsVisible = 0;
			defaultConfigurationName = Release;
		};
/* End XCConfigurationList section */
	};
	rootObject = E4B69B4C0A3A1720003C02F2 /* Project object */;
}
